# THIS IS AN AUTOGENERATED FILE. DO NOT EDIT THIS FILE DIRECTLY.
# yarn lockfile v1


google-protobuf@^3.21.0:
  version "3.21.2"
  resolved "https://registry.yarnpkg.com/google-protobuf/-/google-protobuf-3.21.2.tgz#4580a2bea8bbb291ee579d1fefb14d6fa3070ea4"
  integrity sha512-3MSOYFO5U9mPGikIYCzK0SaThypfGgS6bHqrUGXG3DPHCrb+txNqeEcns1W0lkGfk0rCyNXm7xB9rMxnCiZOoA==

prettier@^2.7.1:
  version "2.7.1"
  resolved "https://registry.yarnpkg.com/prettier/-/prettier-2.7.1.tgz#e235806850d057f97bb08368a4f7d899f7760c64"
  integrity sha512-ujppO+MkdPqoVINuDFDRLClm7D78qbDt0/NR+wp5FqEZOoTNAjPHWj17QRhu7geIHJfcNhRk1XVQmF8Bp3ye+g==

protoscript@0.0.13:
  version "0.0.13"
  resolved "https://registry.yarnpkg.com/protoscript/-/protoscript-0.0.13.tgz#28f98d53c375262f5eb0181abb418c9fabf4f52e"
  integrity sha512-NzpseKcnlFsAU2JjTfv97r875P4uEu4gGslKeoW/iT9rBh4tWU+8/xj1WlLbatafAIO6AyF+4VccUKeWlJPIcQ==
  dependencies:
    google-protobuf "^3.21.0"
    prettier "^2.7.1"

twirpscript@^0.0.65:
  version "0.0.65"
  resolved "https://registry.yarnpkg.com/twirpscript/-/twirpscript-0.0.65.tgz#237010b419428ae16e533a389dd45a64e71349cf"
  integrity sha512-XXdYeXW3tSQY7yob5t1N/kt8pXczKzFIQmlCIwNTzIQ0tflguNTYOWJKOre616efX1yWB1XRalJAsMU/C899QQ==
  dependencies:
    protoscript "0.0.13"

typescript@^4.8.4:
  version "4.8.4"
  resolved "https://registry.yarnpkg.com/typescript/-/typescript-4.8.4.tgz#c464abca159669597be5f96b8943500b238e60e6"
  integrity sha512-QCh+85mCy+h0IGff8r5XWzOVSbBO+KfeYrMQh7NJ58QujwcE22u+NUSmUxqF+un70P9GXKxa2HCNiTTMJknyjQ==
